
Microsoft Visual Studio Solution File, Format Version 12.00
# Visual Studio Version 16
VisualStudioVersion = 16.0.33130.400
MinimumVisualStudioVersion = 10.0.40219.1
Project("{9A19103F-16F7-4668-BE54-9A1E7A4F7556}") = "P01.TennisEquipment", "P01.TennisEquipment\P01.TennisEquipment.csproj", "{AF7A77E4-3E04-4927-8A85-5EE01666CAC2}"
EndProject
Project("{9A19103F-16F7-4668-BE54-9A1E7A4F7556}") = "P01 BasketballEquipment", "P01 BasketballEquipment\P01 BasketballEquipment.csproj", "{ED71B4C7-FC89-4884-9375-AEABF1E813E8}"
EndProject
Project("{9A19103F-16F7-4668-BE54-9A1E7A4F7556}") = "P02.FootballResults", "P02.FootballResults\P02.FootballResults.csproj", "{E360647A-DA56-49BA-BF7D-37CA0F9C2718}"
EndProject
Project("{9A19103F-16F7-4668-BE54-9A1E7A4F7556}") = "P02.Skeleton", "P02.Skeleton\P02.Skeleton.csproj", "{AC740643-4FC8-42C3-94F6-E8BAFA5A1690}"
EndProject
Project("{9A19103F-16F7-4668-BE54-9A1E7A4F7556}") = "P03.Gymnastics", "P03.Gymnastics\P03.Gymnastics.csproj", "{078DD272-438C-44EC-A224-31BBAF44E918}"
EndProject
Project("{9A19103F-16F7-4668-BE54-9A1E7A4F7556}") = "P03.WorldSnookerChampionship", "P03.WorldSnookerChampionship\P03.WorldSnookerChampionship.csproj", "{A14355C7-747D-4079-9542-01D2445C52F5}"
EndProject
Project("{9A19103F-16F7-4668-BE54-9A1E7A4F7556}") = "P04.GameNumberWars", "P04.GameNumberWars\P04.GameNumberWars.csproj", "{2466CABD-1458-4410-B5AC-48E2D976DA74}"
EndProject
Project("{9A19103F-16F7-4668-BE54-9A1E7A4F7556}") = "P04.Darts", "P04.Darts\P04.Darts.csproj", "{2F7A63C7-2B3D-4CC9-BAA7-D832E93228D4}"
EndProject
Project("{9A19103F-16F7-4668-BE54-9A1E7A4F7556}") = "P05.TennisRanklist", "P05.TennisRanklist\P05.TennisRanklist.csproj", "{CF7AD1AA-625B-4F5C-8CDA-BF93CDBEBED6}"
EndProject
Project("{FAE04EC0-301F-11D3-BF4B-00C04F79EFBC}") = "P05.FitnessCenter", "P05.FitnessCenter\P05.FitnessCenter.csproj", "{302A8E32-3681-4314-AB26-A8FE7022A3E4}"
EndProject
Project("{FAE04EC0-301F-11D3-BF4B-00C04F79EFBC}") = "P06.HighJump", "P06.HighJump\P06.HighJump.csproj", "{C6E58842-A78B-4D81-B6EC-171A98065917}"
EndProject
Project("{FAE04EC0-301F-11D3-BF4B-00C04F79EFBC}") = "P06.BasketballTournament", "P06.BasketballTournament\P06.BasketballTournament.csproj", "{A58075DC-FA56-4D7D-9A96-E21E2DFE88FE}"
EndProject
Global
	GlobalSection(SolutionConfigurationPlatforms) = preSolution
		Debug|Any CPU = Debug|Any CPU
		Release|Any CPU = Release|Any CPU
	EndGlobalSection
	GlobalSection(ProjectConfigurationPlatforms) = postSolution
		{AF7A77E4-3E04-4927-8A85-5EE01666CAC2}.Debug|Any CPU.ActiveCfg = Debug|Any CPU
		{AF7A77E4-3E04-4927-8A85-5EE01666CAC2}.Debug|Any CPU.Build.0 = Debug|Any CPU
		{AF7A77E4-3E04-4927-8A85-5EE01666CAC2}.Release|Any CPU.ActiveCfg = Release|Any CPU
		{AF7A77E4-3E04-4927-8A85-5EE01666CAC2}.Release|Any CPU.Build.0 = Release|Any CPU
		{ED71B4C7-FC89-4884-9375-AEABF1E813E8}.Debug|Any CPU.ActiveCfg = Debug|Any CPU
		{ED71B4C7-FC89-4884-9375-AEABF1E813E8}.Debug|Any CPU.Build.0 = Debug|Any CPU
		{ED71B4C7-FC89-4884-9375-AEABF1E813E8}.Release|Any CPU.ActiveCfg = Release|Any CPU
		{ED71B4C7-FC89-4884-9375-AEABF1E813E8}.Release|Any CPU.Build.0 = Release|Any CPU
		{E360647A-DA56-49BA-BF7D-37CA0F9C2718}.Debug|Any CPU.ActiveCfg = Debug|Any CPU
		{E360647A-DA56-49BA-BF7D-37CA0F9C2718}.Debug|Any CPU.Build.0 = Debug|Any CPU
		{E360647A-DA56-49BA-BF7D-37CA0F9C2718}.Release|Any CPU.ActiveCfg = Release|Any CPU
		{E360647A-DA56-49BA-BF7D-37CA0F9C2718}.Release|Any CPU.Build.0 = Release|Any CPU
		{AC740643-4FC8-42C3-94F6-E8BAFA5A1690}.Debug|Any CPU.ActiveCfg = Debug|Any CPU
		{AC740643-4FC8-42C3-94F6-E8BAFA5A1690}.Debug|Any CPU.Build.0 = Debug|Any CPU
		{AC740643-4FC8-42C3-94F6-E8BAFA5A1690}.Release|Any CPU.ActiveCfg = Release|Any CPU
		{AC740643-4FC8-42C3-94F6-E8BAFA5A1690}.Release|Any CPU.Build.0 = Release|Any CPU
		{078DD272-438C-44EC-A224-31BBAF44E918}.Debug|Any CPU.ActiveCfg = Debug|Any CPU
		{078DD272-438C-44EC-A224-31BBAF44E918}.Debug|Any CPU.Build.0 = Debug|Any CPU
		{078DD272-438C-44EC-A224-31BBAF44E918}.Release|Any CPU.ActiveCfg = Release|Any CPU
		{078DD272-438C-44EC-A224-31BBAF44E918}.Release|Any CPU.Build.0 = Release|Any CPU
		{A14355C7-747D-4079-9542-01D2445C52F5}.Debug|Any CPU.ActiveCfg = Debug|Any CPU
		{A14355C7-747D-4079-9542-01D2445C52F5}.Debug|Any CPU.Build.0 = Debug|Any CPU
		{A14355C7-747D-4079-9542-01D2445C52F5}.Release|Any CPU.ActiveCfg = Release|Any CPU
		{A14355C7-747D-4079-9542-01D2445C52F5}.Release|Any CPU.Build.0 = Release|Any CPU
		{2466CABD-1458-4410-B5AC-48E2D976DA74}.Debug|Any CPU.ActiveCfg = Debug|Any CPU
		{2466CABD-1458-4410-B5AC-48E2D976DA74}.Debug|Any CPU.Build.0 = Debug|Any CPU
		{2466CABD-1458-4410-B5AC-48E2D976DA74}.Release|Any CPU.ActiveCfg = Release|Any CPU
		{2466CABD-1458-4410-B5AC-48E2D976DA74}.Release|Any CPU.Build.0 = Release|Any CPU
		{2F7A63C7-2B3D-4CC9-BAA7-D832E93228D4}.Debug|Any CPU.ActiveCfg = Debug|Any CPU
		{2F7A63C7-2B3D-4CC9-BAA7-D832E93228D4}.Debug|Any CPU.Build.0 = Debug|Any CPU
		{2F7A63C7-2B3D-4CC9-BAA7-D832E93228D4}.Release|Any CPU.ActiveCfg = Release|Any CPU
		{2F7A63C7-2B3D-4CC9-BAA7-D832E93228D4}.Release|Any CPU.Build.0 = Release|Any CPU
		{CF7AD1AA-625B-4F5C-8CDA-BF93CDBEBED6}.Debug|Any CPU.ActiveCfg = Debug|Any CPU
		{CF7AD1AA-625B-4F5C-8CDA-BF93CDBEBED6}.Debug|Any CPU.Build.0 = Debug|Any CPU
		{CF7AD1AA-625B-4F5C-8CDA-BF93CDBEBED6}.Release|Any CPU.ActiveCfg = Release|Any CPU
		{CF7AD1AA-625B-4F5C-8CDA-BF93CDBEBED6}.Release|Any CPU.Build.0 = Release|Any CPU
		{302A8E32-3681-4314-AB26-A8FE7022A3E4}.Debug|Any CPU.ActiveCfg = Debug|Any CPU
		{302A8E32-3681-4314-AB26-A8FE7022A3E4}.Debug|Any CPU.Build.0 = Debug|Any CPU
		{302A8E32-3681-4314-AB26-A8FE7022A3E4}.Release|Any CPU.ActiveCfg = Release|Any CPU
		{302A8E32-3681-4314-AB26-A8FE7022A3E4}.Release|Any CPU.Build.0 = Release|Any CPU
		{C6E58842-A78B-4D81-B6EC-171A98065917}.Debug|Any CPU.ActiveCfg = Debug|Any CPU
		{C6E58842-A78B-4D81-B6EC-171A98065917}.Debug|Any CPU.Build.0 = Debug|Any CPU
		{C6E58842-A78B-4D81-B6EC-171A98065917}.Release|Any CPU.ActiveCfg = Release|Any CPU
		{C6E58842-A78B-4D81-B6EC-171A98065917}.Release|Any CPU.Build.0 = Release|Any CPU
		{A58075DC-FA56-4D7D-9A96-E21E2DFE88FE}.Debug|Any CPU.ActiveCfg = Debug|Any CPU
		{A58075DC-FA56-4D7D-9A96-E21E2DFE88FE}.Debug|Any CPU.Build.0 = Debug|Any CPU
		{A58075DC-FA56-4D7D-9A96-E21E2DFE88FE}.Release|Any CPU.ActiveCfg = Release|Any CPU
		{A58075DC-FA56-4D7D-9A96-E21E2DFE88FE}.Release|Any CPU.Build.0 = Release|Any CPU
	EndGlobalSection
	GlobalSection(SolutionProperties) = preSolution
		HideSolutionNode = FALSE
	EndGlobalSection
	GlobalSection(ExtensibilityGlobals) = postSolution
		SolutionGuid = {E465580E-F01E-4366-A0EA-B182870DBD5F}
	EndGlobalSection
EndGlobal
