
Microsoft Visual Studio Solution File, Format Version 12.00
# Visual Studio Version 16
VisualStudioVersion = 16.0.33130.400
MinimumVisualStudioVersion = 10.0.40219.1
Project("{FAE04EC0-301F-11D3-BF4B-00C04F79EFBC}") = "P01.OscarsCeremony", "P01.OscarsCeremony\P01.OscarsCeremony.csproj", "{9529DBEF-FB66-4F3F-8FF2-4593A8607B97}"
EndProject
Project("{FAE04EC0-301F-11D3-BF4B-00C04F79EFBC}") = "P02.GodzillaVsKong", "P02.GodzillaVsKong\P02.GodzillaVsKong.csproj", "{2AB63B68-1C83-4099-B740-EEBD5E431AB1}"
EndProject
Project("{FAE04EC0-301F-11D3-BF4B-00C04F79EFBC}") = "P03.OscarsWeekInCinema", "P03.OscarsWeekInCinema\P03.OscarsWeekInCinema.csproj", "{CCEC120F-A117-499A-93BA-2DBEC729BE1F}"
EndProject
Project("{FAE04EC0-301F-11D3-BF4B-00C04F79EFBC}") = "P04.CinemaVoucher", "P04.CinemaVoucher\P04.CinemaVoucher.csproj", "{4350559D-940D-427D-B82B-5AFA5D0171BA}"
EndProject
Project("{FAE04EC0-301F-11D3-BF4B-00C04F79EFBC}") = "P05.MovieRatings", "P05.MovieRatings\P05.MovieRatings.csproj", "{23DE1F29-D612-4A10-BAAB-EBC1166C81D2}"
EndProject
Project("{FAE04EC0-301F-11D3-BF4B-00C04F79EFBC}") = "P06.CinemaTickets", "P06.CinemaTickets\P06.CinemaTickets.csproj", "{619F005C-3FD2-4134-95CA-719DAC12760F}"
EndProject
Global
	GlobalSection(SolutionConfigurationPlatforms) = preSolution
		Debug|Any CPU = Debug|Any CPU
		Release|Any CPU = Release|Any CPU
	EndGlobalSection
	GlobalSection(ProjectConfigurationPlatforms) = postSolution
		{9529DBEF-FB66-4F3F-8FF2-4593A8607B97}.Debug|Any CPU.ActiveCfg = Debug|Any CPU
		{9529DBEF-FB66-4F3F-8FF2-4593A8607B97}.Debug|Any CPU.Build.0 = Debug|Any CPU
		{9529DBEF-FB66-4F3F-8FF2-4593A8607B97}.Release|Any CPU.ActiveCfg = Release|Any CPU
		{9529DBEF-FB66-4F3F-8FF2-4593A8607B97}.Release|Any CPU.Build.0 = Release|Any CPU
		{2AB63B68-1C83-4099-B740-EEBD5E431AB1}.Debug|Any CPU.ActiveCfg = Debug|Any CPU
		{2AB63B68-1C83-4099-B740-EEBD5E431AB1}.Debug|Any CPU.Build.0 = Debug|Any CPU
		{2AB63B68-1C83-4099-B740-EEBD5E431AB1}.Release|Any CPU.ActiveCfg = Release|Any CPU
		{2AB63B68-1C83-4099-B740-EEBD5E431AB1}.Release|Any CPU.Build.0 = Release|Any CPU
		{CCEC120F-A117-499A-93BA-2DBEC729BE1F}.Debug|Any CPU.ActiveCfg = Debug|Any CPU
		{CCEC120F-A117-499A-93BA-2DBEC729BE1F}.Debug|Any CPU.Build.0 = Debug|Any CPU
		{CCEC120F-A117-499A-93BA-2DBEC729BE1F}.Release|Any CPU.ActiveCfg = Release|Any CPU
		{CCEC120F-A117-499A-93BA-2DBEC729BE1F}.Release|Any CPU.Build.0 = Release|Any CPU
		{4350559D-940D-427D-B82B-5AFA5D0171BA}.Debug|Any CPU.ActiveCfg = Debug|Any CPU
		{4350559D-940D-427D-B82B-5AFA5D0171BA}.Debug|Any CPU.Build.0 = Debug|Any CPU
		{4350559D-940D-427D-B82B-5AFA5D0171BA}.Release|Any CPU.ActiveCfg = Release|Any CPU
		{4350559D-940D-427D-B82B-5AFA5D0171BA}.Release|Any CPU.Build.0 = Release|Any CPU
		{23DE1F29-D612-4A10-BAAB-EBC1166C81D2}.Debug|Any CPU.ActiveCfg = Debug|Any CPU
		{23DE1F29-D612-4A10-BAAB-EBC1166C81D2}.Debug|Any CPU.Build.0 = Debug|Any CPU
		{23DE1F29-D612-4A10-BAAB-EBC1166C81D2}.Release|Any CPU.ActiveCfg = Release|Any CPU
		{23DE1F29-D612-4A10-BAAB-EBC1166C81D2}.Release|Any CPU.Build.0 = Release|Any CPU
		{619F005C-3FD2-4134-95CA-719DAC12760F}.Debug|Any CPU.ActiveCfg = Debug|Any CPU
		{619F005C-3FD2-4134-95CA-719DAC12760F}.Debug|Any CPU.Build.0 = Debug|Any CPU
		{619F005C-3FD2-4134-95CA-719DAC12760F}.Release|Any CPU.ActiveCfg = Release|Any CPU
		{619F005C-3FD2-4134-95CA-719DAC12760F}.Release|Any CPU.Build.0 = Release|Any CPU
	EndGlobalSection
	GlobalSection(SolutionProperties) = preSolution
		HideSolutionNode = FALSE
	EndGlobalSection
	GlobalSection(ExtensibilityGlobals) = postSolution
		SolutionGuid = {2F207F53-722E-405B-B062-57456AD27724}
	EndGlobalSection
EndGlobal
