
Microsoft Visual Studio Solution File, Format Version 12.00
# Visual Studio Version 16
VisualStudioVersion = 16.0.33130.400
MinimumVisualStudioVersion = 10.0.40219.1
Project("{FAE04EC0-301F-11D3-BF4B-00C04F79EFBC}") = "P01.Dishwasher", "P01.Dishwasher\P01.Dishwasher.csproj", "{514F277E-691A-4D4F-A66C-61E7AFAD52F3}"
EndProject
Project("{FAE04EC0-301F-11D3-BF4B-00C04F79EFBC}") = "P02.ReportSystem", "P02.ReportSystem\P02.ReportSystem.csproj", "{DBD33A4F-13FB-445A-A2E9-349487FDC37F}"
EndProject
Project("{FAE04EC0-301F-11D3-BF4B-00C04F79EFBC}") = "P03.StreamOfLetters", "P03.StreamOfLetters\P03.StreamOfLetters.csproj", "{577CCE22-3E50-42A7-86B6-2896DAD01D9E}"
EndProject
Project("{FAE04EC0-301F-11D3-BF4B-00C04F79EFBC}") = "P04.NumbersDividedBy3WithoutReminder", "P04.NumbersDividedBy3WithoutReminder\P04.NumbersDividedBy3WithoutReminder.csproj", "{9EF14702-D8C3-4AC8-AF59-724D7CD85107}"
EndProject
Project("{FAE04EC0-301F-11D3-BF4B-00C04F79EFBC}") = "P05.AverageNumber", "P05.AverageNumber\P05.AverageNumber.csproj", "{FD46DF38-3EBD-4D36-8D3A-3080266616D3}"
EndProject
Global
	GlobalSection(SolutionConfigurationPlatforms) = preSolution
		Debug|Any CPU = Debug|Any CPU
		Release|Any CPU = Release|Any CPU
	EndGlobalSection
	GlobalSection(ProjectConfigurationPlatforms) = postSolution
		{514F277E-691A-4D4F-A66C-61E7AFAD52F3}.Debug|Any CPU.ActiveCfg = Debug|Any CPU
		{514F277E-691A-4D4F-A66C-61E7AFAD52F3}.Debug|Any CPU.Build.0 = Debug|Any CPU
		{514F277E-691A-4D4F-A66C-61E7AFAD52F3}.Release|Any CPU.ActiveCfg = Release|Any CPU
		{514F277E-691A-4D4F-A66C-61E7AFAD52F3}.Release|Any CPU.Build.0 = Release|Any CPU
		{DBD33A4F-13FB-445A-A2E9-349487FDC37F}.Debug|Any CPU.ActiveCfg = Debug|Any CPU
		{DBD33A4F-13FB-445A-A2E9-349487FDC37F}.Debug|Any CPU.Build.0 = Debug|Any CPU
		{DBD33A4F-13FB-445A-A2E9-349487FDC37F}.Release|Any CPU.ActiveCfg = Release|Any CPU
		{DBD33A4F-13FB-445A-A2E9-349487FDC37F}.Release|Any CPU.Build.0 = Release|Any CPU
		{577CCE22-3E50-42A7-86B6-2896DAD01D9E}.Debug|Any CPU.ActiveCfg = Debug|Any CPU
		{577CCE22-3E50-42A7-86B6-2896DAD01D9E}.Debug|Any CPU.Build.0 = Debug|Any CPU
		{577CCE22-3E50-42A7-86B6-2896DAD01D9E}.Release|Any CPU.ActiveCfg = Release|Any CPU
		{577CCE22-3E50-42A7-86B6-2896DAD01D9E}.Release|Any CPU.Build.0 = Release|Any CPU
		{9EF14702-D8C3-4AC8-AF59-724D7CD85107}.Debug|Any CPU.ActiveCfg = Debug|Any CPU
		{9EF14702-D8C3-4AC8-AF59-724D7CD85107}.Debug|Any CPU.Build.0 = Debug|Any CPU
		{9EF14702-D8C3-4AC8-AF59-724D7CD85107}.Release|Any CPU.ActiveCfg = Release|Any CPU
		{9EF14702-D8C3-4AC8-AF59-724D7CD85107}.Release|Any CPU.Build.0 = Release|Any CPU
		{FD46DF38-3EBD-4D36-8D3A-3080266616D3}.Debug|Any CPU.ActiveCfg = Debug|Any CPU
		{FD46DF38-3EBD-4D36-8D3A-3080266616D3}.Debug|Any CPU.Build.0 = Debug|Any CPU
		{FD46DF38-3EBD-4D36-8D3A-3080266616D3}.Release|Any CPU.ActiveCfg = Release|Any CPU
		{FD46DF38-3EBD-4D36-8D3A-3080266616D3}.Release|Any CPU.Build.0 = Release|Any CPU
	EndGlobalSection
	GlobalSection(SolutionProperties) = preSolution
		HideSolutionNode = FALSE
	EndGlobalSection
	GlobalSection(ExtensibilityGlobals) = postSolution
		SolutionGuid = {0228D489-0A7F-4AB8-BE01-5405A9D94F72}
	EndGlobalSection
EndGlobal
